
Microsoft Visual Studio Solution File, Format Version 12.00
# Visual Studio Version 17
VisualStudioVersion = 17.6.33829.357
MinimumVisualStudioVersion = 10.0.40219.1
Project("{FAE04EC0-301F-11D3-BF4B-00C04F79EFBC}") = "DataAccess", "DataAccess\DataAccess.csproj", "{45B1E20F-0326-4CFD-B4D1-AD0E07341FCC}"
EndProject
Project("{FAE04EC0-301F-11D3-BF4B-00C04F79EFBC}") = "Business", "Business\Business.csproj", "{7E0156C7-D451-43C5-A89E-DDAEA8034318}"
EndProject
Project("{FAE04EC0-301F-11D3-BF4B-00C04F79EFBC}") = "Entities", "Entities\Entities.csproj", "{964E81B5-0A89-46FC-B6FD-1F96A1601BBD}"
EndProject
Project("{FAE04EC0-301F-11D3-BF4B-00C04F79EFBC}") = "ConsoleUI", "ConsoleUI\ConsoleUI.csproj", "{D226D947-8392-4BC7-A13E-7E31D798826A}"
EndProject
Global
	GlobalSection(SolutionConfigurationPlatforms) = preSolution
		Debug|Any CPU = Debug|Any CPU
		Release|Any CPU = Release|Any CPU
	EndGlobalSection
	GlobalSection(ProjectConfigurationPlatforms) = postSolution
		{45B1E20F-0326-4CFD-B4D1-AD0E07341FCC}.Debug|Any CPU.ActiveCfg = Debug|Any CPU
		{45B1E20F-0326-4CFD-B4D1-AD0E07341FCC}.Debug|Any CPU.Build.0 = Debug|Any CPU
		{45B1E20F-0326-4CFD-B4D1-AD0E07341FCC}.Release|Any CPU.ActiveCfg = Release|Any CPU
		{45B1E20F-0326-4CFD-B4D1-AD0E07341FCC}.Release|Any CPU.Build.0 = Release|Any CPU
		{7E0156C7-D451-43C5-A89E-DDAEA8034318}.Debug|Any CPU.ActiveCfg = Debug|Any CPU
		{7E0156C7-D451-43C5-A89E-DDAEA8034318}.Debug|Any CPU.Build.0 = Debug|Any CPU
		{7E0156C7-D451-43C5-A89E-DDAEA8034318}.Release|Any CPU.ActiveCfg = Release|Any CPU
		{7E0156C7-D451-43C5-A89E-DDAEA8034318}.Release|Any CPU.Build.0 = Release|Any CPU
		{964E81B5-0A89-46FC-B6FD-1F96A1601BBD}.Debug|Any CPU.ActiveCfg = Debug|Any CPU
		{964E81B5-0A89-46FC-B6FD-1F96A1601BBD}.Debug|Any CPU.Build.0 = Debug|Any CPU
		{964E81B5-0A89-46FC-B6FD-1F96A1601BBD}.Release|Any CPU.ActiveCfg = Release|Any CPU
		{964E81B5-0A89-46FC-B6FD-1F96A1601BBD}.Release|Any CPU.Build.0 = Release|Any CPU
		{D226D947-8392-4BC7-A13E-7E31D798826A}.Debug|Any CPU.ActiveCfg = Debug|Any CPU
		{D226D947-8392-4BC7-A13E-7E31D798826A}.Debug|Any CPU.Build.0 = Debug|Any CPU
		{D226D947-8392-4BC7-A13E-7E31D798826A}.Release|Any CPU.ActiveCfg = Release|Any CPU
		{D226D947-8392-4BC7-A13E-7E31D798826A}.Release|Any CPU.Build.0 = Release|Any CPU
	EndGlobalSection
	GlobalSection(SolutionProperties) = preSolution
		HideSolutionNode = FALSE
	EndGlobalSection
	GlobalSection(ExtensibilityGlobals) = postSolution
		SolutionGuid = {00E0AB51-DC6E-48C2-957E-2F400ED0E219}
	EndGlobalSection
EndGlobal
